
Microsoft Visual Studio Solution File, Format Version 12.00
# Visual Studio 14
VisualStudioVersion = 14.0.25420.1
MinimumVisualStudioVersion = 10.0.40219.1
Project("{FAE04EC0-301F-11D3-BF4B-00C04F79EFBC}") = "HemaEndustriFihrist", "HemaEndustriFihrist\HemaEndustriFihrist.csproj", "{8CCE1C81-322A-49D0-999D-9B7BC8D5051E}"
EndProject
Global
	GlobalSection(SolutionConfigurationPlatforms) = preSolution
		Debug|Any CPU = Debug|Any CPU
		Release|Any CPU = Release|Any CPU
	EndGlobalSection
	GlobalSection(ProjectConfigurationPlatforms) = postSolution
		{8CCE1C81-322A-49D0-999D-9B7BC8D5051E}.Debug|Any CPU.ActiveCfg = Debug|Any CPU
		{8CCE1C81-322A-49D0-999D-9B7BC8D5051E}.Debug|Any CPU.Build.0 = Debug|Any CPU
		{8CCE1C81-322A-49D0-999D-9B7BC8D5051E}.Release|Any CPU.ActiveCfg = Release|Any CPU
		{8CCE1C81-322A-49D0-999D-9B7BC8D5051E}.Release|Any CPU.Build.0 = Release|Any CPU
	EndGlobalSection
	GlobalSection(SolutionProperties) = preSolution
		HideSolutionNode = FALSE
	EndGlobalSection
EndGlobal
